
Microsoft Visual Studio Solution File, Format Version 12.00
# Visual Studio Version 17
VisualStudioVersion = 17.0.31612.314
MinimumVisualStudioVersion = 10.0.40219.1
Project("{2150E333-8FDC-42A3-9474-1A3956D46DE8}") = "0-Project_docs", "0-Project_docs", "{FF351D88-0A17-4DF3-9B44-9D434521AB65}"
EndProject
Project("{2150E333-8FDC-42A3-9474-1A3956D46DE8}") = "1-Fronted", "1-Fronted", "{97A60C4A-16B7-4F2E-AB9B-21588CAE23A7}"
EndProject
Project("{2150E333-8FDC-42A3-9474-1A3956D46DE8}") = "2-Backend", "2-Backend", "{E7778590-BD0B-4273-8ED2-8540A23267C5}"
EndProject
Project("{2150E333-8FDC-42A3-9474-1A3956D46DE8}") = "1.1-Presentations", "1.1-Presentations", "{769C04F1-BA91-47E5-A439-29F3C88547BD}"
EndProject
Project("{2150E333-8FDC-42A3-9474-1A3956D46DE8}") = "2.1-Applications", "2.1-Applications", "{72230AA8-9B44-44FD-8E2E-98BDBEFEDE1A}"
EndProject
Project("{2150E333-8FDC-42A3-9474-1A3956D46DE8}") = "2.2-Domains", "2.2-Domains", "{AAA85E9F-47EE-4C5F-AE6F-7B9CE9676BF4}"
EndProject
Project("{2150E333-8FDC-42A3-9474-1A3956D46DE8}") = "2.3-Insfrastructures", "2.3-Insfrastructures", "{76F31AE2-FB61-482C-80E8-242EBAB90BDA}"
EndProject
Project("{2150E333-8FDC-42A3-9474-1A3956D46DE8}") = "2.4-Entities", "2.4-Entities", "{C87F8B9E-F025-4800-8256-D1724C22C777}"
EndProject
Project("{FAE04EC0-301F-11D3-BF4B-00C04F79EFBC}") = "Domain", "src\Domain\Domain.csproj", "{CED5DFEE-1652-4707-B8FC-5F823EE09F65}"
EndProject
Project("{FAE04EC0-301F-11D3-BF4B-00C04F79EFBC}") = "Infrastructure", "src\Infrastructure\Infrastructure.csproj", "{F4E92A33-AB91-42BB-AEE6-1D08A2E01ABA}"
EndProject
Project("{FAE04EC0-301F-11D3-BF4B-00C04F79EFBC}") = "Entity", "src\Entity\Entity.csproj", "{B8A51BAC-328A-4E85-BA6D-64FEBA061DA5}"
EndProject
Project("{FAE04EC0-301F-11D3-BF4B-00C04F79EFBC}") = "Application", "src\Application\Application.csproj", "{5012DC09-6D4B-4262-BFAE-E6C75073E84C}"
EndProject
Project("{FAE04EC0-301F-11D3-BF4B-00C04F79EFBC}") = "Gerenciamento_Vendas.UI.Web", "src\Gerenciamento_Vendas.UI.Web\Gerenciamento_Vendas.UI.Web.csproj", "{31E5598A-4E06-4635-A743-A4728E6DEFE3}"
EndProject
Project("{2150E333-8FDC-42A3-9474-1A3956D46DE8}") = "1.1.1-Web", "1.1.1-Web", "{B78F7548-2FE2-4BED-8DEF-C5652E996AAB}"
EndProject
Project("{2150E333-8FDC-42A3-9474-1A3956D46DE8}") = "1.1.2-Exemplos", "1.1.2-Exemplos", "{0308A5AC-C70F-4478-9C08-453F631D70D9}"
EndProject
Project("{FAE04EC0-301F-11D3-BF4B-00C04F79EFBC}") = "Gerenciamento_Usuario", "src\Gerenciamento_Usuario\Gerenciamento_Usuario.csproj", "{351C1877-438D-49AE-A08A-6C24EEDB8FF7}"
EndProject
Global
	GlobalSection(SolutionConfigurationPlatforms) = preSolution
		Debug|Any CPU = Debug|Any CPU
		Release|Any CPU = Release|Any CPU
	EndGlobalSection
	GlobalSection(ProjectConfigurationPlatforms) = postSolution
		{CED5DFEE-1652-4707-B8FC-5F823EE09F65}.Debug|Any CPU.ActiveCfg = Debug|Any CPU
		{CED5DFEE-1652-4707-B8FC-5F823EE09F65}.Debug|Any CPU.Build.0 = Debug|Any CPU
		{CED5DFEE-1652-4707-B8FC-5F823EE09F65}.Release|Any CPU.ActiveCfg = Release|Any CPU
		{CED5DFEE-1652-4707-B8FC-5F823EE09F65}.Release|Any CPU.Build.0 = Release|Any CPU
		{F4E92A33-AB91-42BB-AEE6-1D08A2E01ABA}.Debug|Any CPU.ActiveCfg = Debug|Any CPU
		{F4E92A33-AB91-42BB-AEE6-1D08A2E01ABA}.Debug|Any CPU.Build.0 = Debug|Any CPU
		{F4E92A33-AB91-42BB-AEE6-1D08A2E01ABA}.Release|Any CPU.ActiveCfg = Release|Any CPU
		{F4E92A33-AB91-42BB-AEE6-1D08A2E01ABA}.Release|Any CPU.Build.0 = Release|Any CPU
		{B8A51BAC-328A-4E85-BA6D-64FEBA061DA5}.Debug|Any CPU.ActiveCfg = Debug|Any CPU
		{B8A51BAC-328A-4E85-BA6D-64FEBA061DA5}.Debug|Any CPU.Build.0 = Debug|Any CPU
		{B8A51BAC-328A-4E85-BA6D-64FEBA061DA5}.Release|Any CPU.ActiveCfg = Release|Any CPU
		{B8A51BAC-328A-4E85-BA6D-64FEBA061DA5}.Release|Any CPU.Build.0 = Release|Any CPU
		{5012DC09-6D4B-4262-BFAE-E6C75073E84C}.Debug|Any CPU.ActiveCfg = Debug|Any CPU
		{5012DC09-6D4B-4262-BFAE-E6C75073E84C}.Debug|Any CPU.Build.0 = Debug|Any CPU
		{5012DC09-6D4B-4262-BFAE-E6C75073E84C}.Release|Any CPU.ActiveCfg = Release|Any CPU
		{5012DC09-6D4B-4262-BFAE-E6C75073E84C}.Release|Any CPU.Build.0 = Release|Any CPU
		{31E5598A-4E06-4635-A743-A4728E6DEFE3}.Debug|Any CPU.ActiveCfg = Debug|Any CPU
		{31E5598A-4E06-4635-A743-A4728E6DEFE3}.Debug|Any CPU.Build.0 = Debug|Any CPU
		{31E5598A-4E06-4635-A743-A4728E6DEFE3}.Release|Any CPU.ActiveCfg = Release|Any CPU
		{31E5598A-4E06-4635-A743-A4728E6DEFE3}.Release|Any CPU.Build.0 = Release|Any CPU
		{351C1877-438D-49AE-A08A-6C24EEDB8FF7}.Debug|Any CPU.ActiveCfg = Debug|Any CPU
		{351C1877-438D-49AE-A08A-6C24EEDB8FF7}.Debug|Any CPU.Build.0 = Debug|Any CPU
		{351C1877-438D-49AE-A08A-6C24EEDB8FF7}.Release|Any CPU.ActiveCfg = Release|Any CPU
		{351C1877-438D-49AE-A08A-6C24EEDB8FF7}.Release|Any CPU.Build.0 = Release|Any CPU
	EndGlobalSection
	GlobalSection(SolutionProperties) = preSolution
		HideSolutionNode = FALSE
	EndGlobalSection
	GlobalSection(NestedProjects) = preSolution
		{769C04F1-BA91-47E5-A439-29F3C88547BD} = {97A60C4A-16B7-4F2E-AB9B-21588CAE23A7}
		{72230AA8-9B44-44FD-8E2E-98BDBEFEDE1A} = {E7778590-BD0B-4273-8ED2-8540A23267C5}
		{AAA85E9F-47EE-4C5F-AE6F-7B9CE9676BF4} = {E7778590-BD0B-4273-8ED2-8540A23267C5}
		{76F31AE2-FB61-482C-80E8-242EBAB90BDA} = {E7778590-BD0B-4273-8ED2-8540A23267C5}
		{C87F8B9E-F025-4800-8256-D1724C22C777} = {E7778590-BD0B-4273-8ED2-8540A23267C5}
		{CED5DFEE-1652-4707-B8FC-5F823EE09F65} = {AAA85E9F-47EE-4C5F-AE6F-7B9CE9676BF4}
		{F4E92A33-AB91-42BB-AEE6-1D08A2E01ABA} = {76F31AE2-FB61-482C-80E8-242EBAB90BDA}
		{B8A51BAC-328A-4E85-BA6D-64FEBA061DA5} = {C87F8B9E-F025-4800-8256-D1724C22C777}
		{5012DC09-6D4B-4262-BFAE-E6C75073E84C} = {72230AA8-9B44-44FD-8E2E-98BDBEFEDE1A}
		{31E5598A-4E06-4635-A743-A4728E6DEFE3} = {B78F7548-2FE2-4BED-8DEF-C5652E996AAB}
		{B78F7548-2FE2-4BED-8DEF-C5652E996AAB} = {769C04F1-BA91-47E5-A439-29F3C88547BD}
		{0308A5AC-C70F-4478-9C08-453F631D70D9} = {769C04F1-BA91-47E5-A439-29F3C88547BD}
		{351C1877-438D-49AE-A08A-6C24EEDB8FF7} = {0308A5AC-C70F-4478-9C08-453F631D70D9}
	EndGlobalSection
	GlobalSection(ExtensibilityGlobals) = postSolution
		SolutionGuid = {E7A94698-B514-4A8D-A1C5-BD4588356F69}
	EndGlobalSection
EndGlobal
